{
  "version": 4,
  "terraform_version": "1.6.6",
  "serial": 815,
  "lineage": "3eba37a1-9bc7-a008-b357-1fffc3990f70",
  "outputs": {},
  "resources": [
    {
      "module": "module.glue_module",
      "mode": "data",
      "type": "aws_caller_identity",
      "name": "current",
      "provider": "provider[\"registry.terraform.io/hashicorp/aws\"].virginia",
      "instances": [
        {
          "schema_version": 0,
          "attributes": {
            "account_id": "577585731673",
            "arn": "arn:aws:iam::577585731673:user/ssilvestre",
            "id": "577585731673",
            "user_id": "AIDAYM6WK3BMSQBJO2IYU"
          },
          "sensitive_attributes": []
        }
      ]
    },
    {
      "module": "module.glue_module",
      "mode": "data",
      "type": "aws_region",
      "name": "current",
      "provider": "provider[\"registry.terraform.io/hashicorp/aws\"].virginia",
      "instances": [
        {
          "schema_version": 0,
          "attributes": {
            "description": "US West (Oregon)",
            "endpoint": "ec2.us-west-2.amazonaws.com",
            "id": "us-west-2",
            "name": "us-west-2"
          },
          "sensitive_attributes": []
        }
      ]
    },
    {
      "module": "module.glue_module",
      "mode": "managed",
      "type": "aws_glue_catalog_database",
      "name": "glue_audit_log_catalog_database",
      "provider": "provider[\"registry.terraform.io/hashicorp/aws\"].virginia",
      "instances": [
        {
          "schema_version": 0,
          "attributes": {
            "arn": "arn:aws:glue:us-west-2:577585731673:database/audit_logs_db",
            "catalog_id": "577585731673",
            "create_table_default_permission": [
              {
                "permissions": [
                  "ALL"
                ],
                "principal": [
                  {
                    "data_lake_principal_identifier": "IAM_ALLOWED_PRINCIPALS"
                  }
                ]
              }
            ],
            "description": "",
            "id": "577585731673:audit_logs_db",
            "location_uri": "",
            "name": "audit_logs_db",
            "parameters": null,
            "tags": null,
            "tags_all": {},
            "target_database": []
          },
          "sensitive_attributes": [],
          "private": "bnVsbA=="
        }
      ]
    },
    {
      "module": "module.glue_module",
      "mode": "managed",
      "type": "aws_glue_crawler",
      "name": "glue_audit_log_crawler",
      "provider": "provider[\"registry.terraform.io/hashicorp/aws\"].virginia",
      "instances": [
        {
          "schema_version": 0,
          "attributes": {
            "arn": "arn:aws:glue:us-west-2:577585731673:crawler/audit_logs_crawler",
            "catalog_target": [],
            "classifiers": null,
            "configuration": "",
            "database_name": "audit_logs_db",
            "delta_target": [],
            "description": "",
            "dynamodb_target": [],
            "hudi_target": [],
            "iceberg_target": [],
            "id": "audit_logs_crawler",
            "jdbc_target": [],
            "lake_formation_configuration": [
              {
                "account_id": "",
                "use_lake_formation_credentials": false
              }
            ],
            "lineage_configuration": [
              {
                "crawler_lineage_settings": "DISABLE"
              }
            ],
            "mongodb_target": [],
            "name": "audit_logs_crawler",
            "recrawl_policy": [
              {
                "recrawl_behavior": "CRAWL_EVERYTHING"
              }
            ],
            "role": "glue-etl-execution-role",
            "s3_target": [
              {
                "connection_name": "",
                "dlq_event_queue_arn": "",
                "event_queue_arn": "",
                "exclusions": null,
                "path": "s3://ue1stgprdas3log002-test/audit-logs/",
                "sample_size": 0
              },
              {
                "connection_name": "",
                "dlq_event_queue_arn": "",
                "event_queue_arn": "",
                "exclusions": null,
                "path": "s3://ue1stgprdas3log002-test/cat-pro/",
                "sample_size": 0
              }
            ],
            "schedule": "",
            "schema_change_policy": [
              {
                "delete_behavior": "DELETE_FROM_DATABASE",
                "update_behavior": "UPDATE_IN_DATABASE"
              }
            ],
            "security_configuration": "",
            "table_prefix": "",
            "tags": null,
            "tags_all": {}
          },
          "sensitive_attributes": [],
          "private": "bnVsbA==",
          "dependencies": [
            "module.glue_module.aws_glue_catalog_database.glue_audit_log_catalog_database",
            "module.glue_module.aws_iam_role.glue_etl_role",
            "module.s3_module.aws_s3_bucket.s3_audit_logs_processed_bucket"
          ]
        }
      ]
    },
    {
      "module": "module.glue_module",
      "mode": "managed",
      "type": "aws_glue_job",
      "name": "glue_audit_log_etl_job",
      "provider": "provider[\"registry.terraform.io/hashicorp/aws\"].virginia",
      "instances": [
        {
          "schema_version": 0,
          "attributes": {
            "arn": "arn:aws:glue:us-west-2:577585731673:job/AuditLogDataETL",
            "command": [
              {
                "name": "glueetl",
                "python_version": "3",
                "runtime": "",
                "script_location": "s3://ue1stgprdas3log003-test/scripts/AuditLogDataETL.py"
              }
            ],
            "connections": null,
            "default_arguments": null,
            "description": "",
            "execution_class": "",
            "execution_property": [
              {
                "max_concurrent_runs": 4
              }
            ],
            "glue_version": "4.0",
            "id": "AuditLogDataETL",
            "max_capacity": 2,
            "max_retries": 0,
            "name": "AuditLogDataETL",
            "non_overridable_arguments": null,
            "notification_property": [],
            "number_of_workers": 2,
            "role_arn": "arn:aws:iam::577585731673:role/glue-etl-execution-role",
            "security_configuration": "",
            "tags": null,
            "tags_all": {},
            "timeout": 2880,
            "worker_type": "G.1X"
          },
          "sensitive_attributes": [],
          "private": "bnVsbA==",
          "dependencies": [
            "module.glue_module.aws_iam_role.glue_etl_role",
            "module.s3_module.aws_s3_bucket.s3_resources_bucket"
          ]
        }
      ]
    },
    {
      "module": "module.glue_module",
      "mode": "managed",
      "type": "aws_glue_job",
      "name": "glue_audit_log_etl_job_full",
      "provider": "provider[\"registry.terraform.io/hashicorp/aws\"].virginia",
      "instances": [
        {
          "schema_version": 0,
          "attributes": {
            "arn": "arn:aws:glue:us-west-2:577585731673:job/AuditLogDataETLFull",
            "command": [
              {
                "name": "glueetl",
                "python_version": "3",
                "runtime": "",
                "script_location": "s3://ue1stgprdas3log003-test/scripts/AuditLogDataETLFull.py"
              }
            ],
            "connections": null,
            "default_arguments": {
              "--OUTPUT_DIR": "s3://ue1stgprdas3log002-test/audit-logs/",
              "--OUTPUT_DIR_ERR": "s3://ue1stgprdas3log002-test/error//historico",
              "--S3_INPUT_PATH": "s3://logs-as400-landing/LOGS/AUDIT_LOGS/FULL/"
            },
            "description": "",
            "execution_class": "",
            "execution_property": [
              {
                "max_concurrent_runs": 4
              }
            ],
            "glue_version": "4.0",
            "id": "AuditLogDataETLFull",
            "max_capacity": 5,
            "max_retries": 0,
            "name": "AuditLogDataETLFull",
            "non_overridable_arguments": null,
            "notification_property": [],
            "number_of_workers": 5,
            "role_arn": "arn:aws:iam::577585731673:role/glue-etl-execution-role",
            "security_configuration": "",
            "tags": null,
            "tags_all": {},
            "timeout": 2880,
            "worker_type": "G.1X"
          },
          "sensitive_attributes": [],
          "private": "bnVsbA==",
          "dependencies": [
            "module.glue_module.aws_iam_role.glue_etl_role",
            "module.s3_module.aws_s3_bucket.s3_audit_logs_processed_bucket",
            "module.s3_module.aws_s3_bucket.s3_resources_bucket"
          ]
        }
      ]
    },
    {
      "module": "module.glue_module",
      "mode": "managed",
      "type": "aws_iam_policy",
      "name": "glue_cloudwatch_logs_policy",
      "provider": "provider[\"registry.terraform.io/hashicorp/aws\"].virginia",
      "instances": [
        {
          "schema_version": 0,
          "attributes": {
            "arn": "arn:aws:iam::577585731673:policy/GlueCloudWatchLogsPolicy",
            "description": "Allows Glue to create logs in CloudWatch Logs",
            "id": "arn:aws:iam::577585731673:policy/GlueCloudWatchLogsPolicy",
            "name": "GlueCloudWatchLogsPolicy",
            "name_prefix": "",
            "path": "/",
            "policy": "{\"Statement\":[{\"Action\":[\"logs:CreateLogGroup\",\"logs:CreateLogStream\",\"logs:PutLogEvents\"],\"Effect\":\"Allow\",\"Resource\":\"arn:aws:logs:us-west-2:577585731673:log-group:/aws-glue/jobs/*\"}],\"Version\":\"2012-10-17\"}",
            "policy_id": "ANPAYM6WK3BMSF3ZMIGMU",
            "tags": null,
            "tags_all": {}
          },
          "sensitive_attributes": [],
          "private": "bnVsbA==",
          "dependencies": [
            "module.glue_module.data.aws_caller_identity.current",
            "module.glue_module.data.aws_region.current"
          ]
        }
      ]
    },
    {
      "module": "module.glue_module",
      "mode": "managed",
      "type": "aws_iam_policy_attachment",
      "name": "glue_cloudwatch_logs_attachment",
      "provider": "provider[\"registry.terraform.io/hashicorp/aws\"].virginia",
      "instances": [
        {
          "schema_version": 0,
          "attributes": {
            "groups": null,
            "id": "glue_cloudwatch_logs_attachment",
            "name": "glue_cloudwatch_logs_attachment",
            "policy_arn": "arn:aws:iam::577585731673:policy/GlueCloudWatchLogsPolicy",
            "roles": [
              "glue-etl-execution-role"
            ],
            "users": null
          },
          "sensitive_attributes": [],
          "private": "bnVsbA==",
          "dependencies": [
            "module.glue_module.aws_iam_policy.glue_cloudwatch_logs_policy",
            "module.glue_module.aws_iam_role.glue_etl_role",
            "module.glue_module.data.aws_caller_identity.current",
            "module.glue_module.data.aws_region.current"
          ]
        }
      ]
    },
    {
      "module": "module.glue_module",
      "mode": "managed",
      "type": "aws_iam_role",
      "name": "glue_etl_role",
      "provider": "provider[\"registry.terraform.io/hashicorp/aws\"].virginia",
      "instances": [
        {
          "schema_version": 0,
          "attributes": {
            "arn": "arn:aws:iam::577585731673:role/glue-etl-execution-role",
            "assume_role_policy": "{\"Statement\":[{\"Action\":\"sts:AssumeRole\",\"Effect\":\"Allow\",\"Principal\":{\"Service\":\"glue.amazonaws.com\"}}],\"Version\":\"2012-10-17\"}",
            "create_date": "2024-02-19T23:53:49Z",
            "description": "",
            "force_detach_policies": false,
            "id": "glue-etl-execution-role",
            "inline_policy": [],
            "managed_policy_arns": [],
            "max_session_duration": 3600,
            "name": "glue-etl-execution-role",
            "name_prefix": "",
            "path": "/",
            "permissions_boundary": "",
            "tags": null,
            "tags_all": {},
            "unique_id": "AROAYM6WK3BMUTXVDNAMW"
          },
          "sensitive_attributes": [],
          "private": "bnVsbA=="
        }
      ]
    },
    {
      "module": "module.glue_module",
      "mode": "managed",
      "type": "aws_iam_role_policy_attachment",
      "name": "glue_service_role",
      "provider": "provider[\"registry.terraform.io/hashicorp/aws\"].virginia",
      "instances": [
        {
          "schema_version": 0,
          "attributes": {
            "id": "glue-etl-execution-role-20240219235350072500000003",
            "policy_arn": "arn:aws:iam::aws:policy/service-role/AWSGlueServiceRole",
            "role": "glue-etl-execution-role"
          },
          "sensitive_attributes": [],
          "private": "bnVsbA==",
          "dependencies": [
            "module.glue_module.aws_iam_role.glue_etl_role"
          ]
        }
      ]
    },
    {
      "module": "module.glue_module",
      "mode": "managed",
      "type": "aws_iam_role_policy_attachment",
      "name": "s3_access",
      "provider": "provider[\"registry.terraform.io/hashicorp/aws\"].virginia",
      "instances": [
        {
          "schema_version": 0,
          "attributes": {
            "id": "glue-etl-execution-role-20240219235350073600000004",
            "policy_arn": "arn:aws:iam::aws:policy/AmazonS3FullAccess",
            "role": "glue-etl-execution-role"
          },
          "sensitive_attributes": [],
          "private": "bnVsbA==",
          "dependencies": [
            "module.glue_module.aws_iam_role.glue_etl_role"
          ]
        }
      ]
    },
    {
      "module": "module.kms_module",
      "mode": "data",
      "type": "aws_caller_identity",
      "name": "current",
      "provider": "provider[\"registry.terraform.io/hashicorp/aws\"].virginia",
      "instances": [
        {
          "schema_version": 0,
          "attributes": {
            "account_id": "577585731673",
            "arn": "arn:aws:iam::577585731673:user/ssilvestre",
            "id": "577585731673",
            "user_id": "AIDAYM6WK3BMSQBJO2IYU"
          },
          "sensitive_attributes": []
        }
      ]
    },
    {
      "module": "module.kms_module",
      "mode": "data",
      "type": "aws_region",
      "name": "current",
      "provider": "provider[\"registry.terraform.io/hashicorp/aws\"].virginia",
      "instances": [
        {
          "schema_version": 0,
          "attributes": {
            "description": "US West (Oregon)",
            "endpoint": "ec2.us-west-2.amazonaws.com",
            "id": "us-west-2",
            "name": "us-west-2"
          },
          "sensitive_attributes": []
        }
      ]
    },
    {
      "module": "module.kms_module",
      "mode": "managed",
      "type": "aws_kms_key",
      "name": "kms_audit_log",
      "provider": "provider[\"registry.terraform.io/hashicorp/aws\"].virginia",
      "instances": [
        {
          "schema_version": 0,
          "attributes": {
            "arn": "arn:aws:kms:us-west-2:577585731673:key/c89a22db-c5c6-4032-850d-6abf0f5f9b3b",
            "bypass_policy_lockout_safety_check": false,
            "custom_key_store_id": "",
            "customer_master_key_spec": "SYMMETRIC_DEFAULT",
            "deletion_window_in_days": 30,
            "description": "KMS key for SQS encryption",
            "enable_key_rotation": true,
            "id": "c89a22db-c5c6-4032-850d-6abf0f5f9b3b",
            "is_enabled": true,
            "key_id": "c89a22db-c5c6-4032-850d-6abf0f5f9b3b",
            "key_usage": "ENCRYPT_DECRYPT",
            "multi_region": false,
            "policy": "{\"Id\":\"key-default-1\",\"Statement\":[{\"Action\":\"kms:*\",\"Effect\":\"Allow\",\"Principal\":{\"AWS\":\"arn:aws:iam::577585731673:root\"},\"Resource\":\"*\",\"Sid\":\"Enable IAM User Permissions\"}],\"Version\":\"2012-10-17\"}",
            "tags": null,
            "tags_all": {},
            "timeouts": null
          },
          "sensitive_attributes": [],
          "private": "eyJlMmJmYjczMC1lY2FhLTExZTYtOGY4OC0zNDM2M2JjN2M0YzAiOnsiY3JlYXRlIjoxMjAwMDAwMDAwMDB9fQ=="
        }
      ]
    },
    {
      "module": "module.kms_module",
      "mode": "managed",
      "type": "aws_kms_key_policy",
      "name": "kms_audit_log_policy",
      "provider": "provider[\"registry.terraform.io/hashicorp/aws\"].virginia",
      "instances": [
        {
          "schema_version": 0,
          "attributes": {
            "bypass_policy_lockout_safety_check": false,
            "id": "c89a22db-c5c6-4032-850d-6abf0f5f9b3b",
            "key_id": "c89a22db-c5c6-4032-850d-6abf0f5f9b3b",
            "policy": "{\"Statement\":[{\"Action\":\"kms:*\",\"Effect\":\"Allow\",\"Principal\":{\"AWS\":\"arn:aws:iam::577585731673:root\"},\"Resource\":\"arn:aws:kms:us-west-2:577585731673:key/c89a22db-c5c6-4032-850d-6abf0f5f9b3b\",\"Sid\":\"Enable IAM User Permissions\"},{\"Action\":\"kms:Decrypt\",\"Effect\":\"Allow\",\"Principal\":{\"AWS\":\"arn:aws:iam::577585731673:role/fastlayer-logs-lambda-role\"},\"Resource\":\"arn:aws:kms:us-west-2:577585731673:key/c89a22db-c5c6-4032-850d-6abf0f5f9b3b\",\"Sid\":\"Allow Lambda to decrypt messages\"},{\"Action\":[\"kms:GenerateDataKey\",\"kms:Encrypt\",\"kms:Decrypt\"],\"Effect\":\"Allow\",\"Principal\":{\"Service\":[\"s3.amazonaws.com\",\"sqs.amazonaws.com\"]},\"Resource\":\"arn:aws:kms:us-west-2:577585731673:key/c89a22db-c5c6-4032-850d-6abf0f5f9b3b\",\"Sid\":\"Allow S3 to use the key for encryption\"}],\"Version\":\"2012-10-17\"}"
          },
          "sensitive_attributes": [],
          "private": "bnVsbA==",
          "dependencies": [
            "module.kms_module.aws_kms_key.kms_audit_log",
            "module.kms_module.data.aws_caller_identity.current",
            "module.lambda_module.aws_iam_role.lambda_role"
          ]
        }
      ]
    },
    {
      "module": "module.lambda_module",
      "mode": "data",
      "type": "aws_caller_identity",
      "name": "current",
      "provider": "provider[\"registry.terraform.io/hashicorp/aws\"].virginia",
      "instances": [
        {
          "schema_version": 0,
          "attributes": {
            "account_id": "577585731673",
            "arn": "arn:aws:iam::577585731673:user/ssilvestre",
            "id": "577585731673",
            "user_id": "AIDAYM6WK3BMSQBJO2IYU"
          },
          "sensitive_attributes": []
        }
      ]
    },
    {
      "module": "module.lambda_module",
      "mode": "data",
      "type": "aws_region",
      "name": "current",
      "provider": "provider[\"registry.terraform.io/hashicorp/aws\"].virginia",
      "instances": [
        {
          "schema_version": 0,
          "attributes": {
            "description": "US West (Oregon)",
            "endpoint": "ec2.us-west-2.amazonaws.com",
            "id": "us-west-2",
            "name": "us-west-2"
          },
          "sensitive_attributes": []
        }
      ]
    },
    {
      "module": "module.lambda_module",
      "mode": "managed",
      "type": "aws_iam_policy",
      "name": "lambda_cloudwatch_logs_policy",
      "provider": "provider[\"registry.terraform.io/hashicorp/aws\"].virginia",
      "instances": [
        {
          "schema_version": 0,
          "attributes": {
            "arn": "arn:aws:iam::577585731673:policy/LambdaCloudWatchLogsPolicy",
            "description": "Allows Lambda to create logs in CloudWatch Logs",
            "id": "arn:aws:iam::577585731673:policy/LambdaCloudWatchLogsPolicy",
            "name": "LambdaCloudWatchLogsPolicy",
            "name_prefix": "",
            "path": "/",
            "policy": "{\"Statement\":[{\"Action\":[\"logs:CreateLogGroup\",\"logs:CreateLogStream\",\"logs:PutLogEvents\"],\"Effect\":\"Allow\",\"Resource\":\"arn:aws:logs:us-west-2:577585731673:log-group:/aws/lambda/*\"}],\"Version\":\"2012-10-17\"}",
            "policy_id": "ANPAYM6WK3BMXWZ4I5SY3",
            "tags": null,
            "tags_all": {}
          },
          "sensitive_attributes": [],
          "private": "bnVsbA==",
          "dependencies": [
            "module.lambda_module.data.aws_caller_identity.current",
            "module.lambda_module.data.aws_region.current"
          ]
        }
      ]
    },
    {
      "module": "module.lambda_module",
      "mode": "managed",
      "type": "aws_iam_policy",
      "name": "lambda_s3_sftp_audit_log_copy_policy",
      "provider": "provider[\"registry.terraform.io/hashicorp/aws\"].virginia",
      "instances": [
        {
          "schema_version": 0,
          "attributes": {
            "arn": "arn:aws:iam::577585731673:policy/LambdaS3SFTPAuditLogCopyPolicy",
            "description": "Permite a la función Lambda copiar archivos de bucket1 a bucket2.",
            "id": "arn:aws:iam::577585731673:policy/LambdaS3SFTPAuditLogCopyPolicy",
            "name": "LambdaS3SFTPAuditLogCopyPolicy",
            "name_prefix": "",
            "path": "/",
            "policy": "{\"Statement\":[{\"Action\":\"s3:*\",\"Effect\":\"Allow\",\"Resource\":[\"arn:aws:s3:::ue1stgdesaas3ftp001-logs\",\"arn:aws:s3:::ue1stgdesaas3ftp001-logs/*\",\"arn:aws:s3:::logs-as400-landing\",\"arn:aws:s3:::logs-as400-landing/*\",\"arn:aws:s3:::ue1stgprdas3log002-test\",\"arn:aws:s3:::ue1stgprdas3log002-test/*\"]}],\"Version\":\"2012-10-17\"}",
            "policy_id": "ANPAYM6WK3BM45QAGR66F",
            "tags": null,
            "tags_all": {}
          },
          "sensitive_attributes": [],
          "private": "bnVsbA==",
          "dependencies": [
            "module.s3_module.aws_s3_bucket.s3_audit_logs_processed_bucket"
          ]
        }
      ]
    },
    {
      "module": "module.lambda_module",
      "mode": "managed",
      "type": "aws_iam_policy",
      "name": "lambda_sqs_kms_policy",
      "provider": "provider[\"registry.terraform.io/hashicorp/aws\"].virginia",
      "instances": [
        {
          "schema_version": 0,
          "attributes": {
            "arn": "arn:aws:iam::577585731673:policy/LambdaSQSKMSPolicy",
            "description": "Permite a la función Lambda recibir y eliminar mensajes de SQS y desencriptar con KMS",
            "id": "arn:aws:iam::577585731673:policy/LambdaSQSKMSPolicy",
            "name": "LambdaSQSKMSPolicy",
            "name_prefix": "",
            "path": "/",
            "policy": "{\"Statement\":[{\"Action\":[\"sqs:ReceiveMessage\",\"sqs:DeleteMessage\",\"sqs:GetQueueAttributes\"],\"Effect\":\"Allow\",\"Resource\":\"arn:aws:sqs:us-west-2:577585731673:audit_logs_processing_queue\"},{\"Action\":\"kms:Decrypt\",\"Effect\":\"Allow\",\"Resource\":\"arn:aws:kms:us-west-2:577585731673:key/c89a22db-c5c6-4032-850d-6abf0f5f9b3b\"}],\"Version\":\"2012-10-17\"}",
            "policy_id": "ANPAYM6WK3BMQUKBAP7ND",
            "tags": null,
            "tags_all": {}
          },
          "sensitive_attributes": [],
          "private": "bnVsbA==",
          "dependencies": [
            "module.kms_module.aws_kms_key.kms_audit_log",
            "module.sqs_module.aws_sqs_queue.sqs_audit_log_event_queue"
          ]
        }
      ]
    },
    {
      "module": "module.lambda_module",
      "mode": "managed",
      "type": "aws_iam_policy_attachment",
      "name": "lambda_cloudwatch_logs_attachment",
      "provider": "provider[\"registry.terraform.io/hashicorp/aws\"].virginia",
      "instances": [
        {
          "schema_version": 0,
          "attributes": {
            "groups": null,
            "id": "lambda_cloudwatch_logs_attachment",
            "name": "lambda_cloudwatch_logs_attachment",
            "policy_arn": "arn:aws:iam::577585731673:policy/LambdaCloudWatchLogsPolicy",
            "roles": [
              "fastlayer-logs-lambda-role"
            ],
            "users": null
          },
          "sensitive_attributes": [],
          "private": "bnVsbA==",
          "dependencies": [
            "module.lambda_module.aws_iam_policy.lambda_cloudwatch_logs_policy",
            "module.lambda_module.aws_iam_role.lambda_role",
            "module.lambda_module.data.aws_caller_identity.current",
            "module.lambda_module.data.aws_region.current"
          ]
        }
      ]
    },
    {
      "module": "module.lambda_module",
      "mode": "managed",
      "type": "aws_iam_role",
      "name": "lambda_role",
      "provider": "provider[\"registry.terraform.io/hashicorp/aws\"].virginia",
      "instances": [
        {
          "schema_version": 0,
          "attributes": {
            "arn": "arn:aws:iam::577585731673:role/fastlayer-logs-lambda-role",
            "assume_role_policy": "{\"Statement\":[{\"Action\":\"sts:AssumeRole\",\"Effect\":\"Allow\",\"Principal\":{\"Service\":\"lambda.amazonaws.com\"}}],\"Version\":\"2012-10-17\"}",
            "create_date": "2024-02-19T23:53:49Z",
            "description": "",
            "force_detach_policies": false,
            "id": "fastlayer-logs-lambda-role",
            "inline_policy": [],
            "managed_policy_arns": [],
            "max_session_duration": 3600,
            "name": "fastlayer-logs-lambda-role",
            "name_prefix": "",
            "path": "/",
            "permissions_boundary": "",
            "tags": null,
            "tags_all": {},
            "unique_id": "AROAYM6WK3BMVFWS4BLCS"
          },
          "sensitive_attributes": [],
          "private": "bnVsbA=="
        }
      ]
    },
    {
      "module": "module.lambda_module",
      "mode": "managed",
      "type": "aws_iam_role_policy_attachment",
      "name": "lambda_glue_service_role",
      "provider": "provider[\"registry.terraform.io/hashicorp/aws\"].virginia",
      "instances": [
        {
          "schema_version": 0,
          "attributes": {
            "id": "fastlayer-logs-lambda-role-20240219235350389800000007",
            "policy_arn": "arn:aws:iam::aws:policy/service-role/AWSGlueServiceRole",
            "role": "fastlayer-logs-lambda-role"
          },
          "sensitive_attributes": [],
          "private": "bnVsbA==",
          "dependencies": [
            "module.lambda_module.aws_iam_role.lambda_role"
          ]
        }
      ]
    },
    {
      "module": "module.lambda_module",
      "mode": "managed",
      "type": "aws_iam_role_policy_attachment",
      "name": "lambda_s3_sftp_audit_log_copy_policy_attachment",
      "provider": "provider[\"registry.terraform.io/hashicorp/aws\"].virginia",
      "instances": [
        {
          "schema_version": 0,
          "attributes": {
            "id": "fastlayer-logs-lambda-role-20240219235355562300000008",
            "policy_arn": "arn:aws:iam::577585731673:policy/LambdaS3SFTPAuditLogCopyPolicy",
            "role": "fastlayer-logs-lambda-role"
          },
          "sensitive_attributes": [],
          "private": "bnVsbA==",
          "dependencies": [
            "module.lambda_module.aws_iam_policy.lambda_s3_sftp_audit_log_copy_policy",
            "module.lambda_module.aws_iam_role.lambda_role",
            "module.s3_module.aws_s3_bucket.s3_audit_logs_processed_bucket"
          ]
        }
      ]
    },
    {
      "module": "module.lambda_module",
      "mode": "managed",
      "type": "aws_iam_role_policy_attachment",
      "name": "lambda_sqs_kms_attachment",
      "provider": "provider[\"registry.terraform.io/hashicorp/aws\"].virginia",
      "instances": [
        {
          "schema_version": 0,
          "attributes": {
            "id": "fastlayer-logs-lambda-role-2024021923542384830000000d",
            "policy_arn": "arn:aws:iam::577585731673:policy/LambdaSQSKMSPolicy",
            "role": "fastlayer-logs-lambda-role"
          },
          "sensitive_attributes": [],
          "private": "bnVsbA==",
          "dependencies": [
            "module.kms_module.aws_kms_key.kms_audit_log",
            "module.lambda_module.aws_iam_policy.lambda_sqs_kms_policy",
            "module.lambda_module.aws_iam_role.lambda_role",
            "module.sqs_module.aws_sqs_queue.sqs_audit_log_event_queue"
          ]
        }
      ]
    },
    {
      "module": "module.lambda_module",
      "mode": "managed",
      "type": "aws_iam_role_policy_attachment",
      "name": "stepfunctions_full_access",
      "provider": "provider[\"registry.terraform.io/hashicorp/aws\"].virginia",
      "instances": [
        {
          "schema_version": 0,
          "attributes": {
            "id": "fastlayer-logs-lambda-role-20240219235350382000000006",
            "policy_arn": "arn:aws:iam::aws:policy/AWSStepFunctionsConsoleFullAccess",
            "role": "fastlayer-logs-lambda-role"
          },
          "sensitive_attributes": [],
          "private": "bnVsbA==",
          "dependencies": [
            "module.lambda_module.aws_iam_role.lambda_role"
          ]
        }
      ]
    },
    {
      "module": "module.lambda_module",
      "mode": "managed",
      "type": "aws_lambda_event_source_mapping",
      "name": "lambda_sqs_audit_log_event_mapping",
      "provider": "provider[\"registry.terraform.io/hashicorp/aws\"].virginia",
      "instances": [
        {
          "schema_version": 0,
          "attributes": {
            "amazon_managed_kafka_event_source_config": [],
            "batch_size": 1,
            "bisect_batch_on_function_error": false,
            "destination_config": [],
            "document_db_event_source_config": [],
            "enabled": true,
            "event_source_arn": "arn:aws:sqs:us-west-2:577585731673:audit_logs_processing_queue",
            "filter_criteria": [],
            "function_arn": "arn:aws:lambda:us-west-2:577585731673:function:TriggerStateMachineFromS3Event",
            "function_name": "arn:aws:lambda:us-west-2:577585731673:function:TriggerStateMachineFromS3Event",
            "function_response_types": null,
            "id": "6b83a0f2-70b6-4d4c-ac34-421e0cce9fc0",
            "last_modified": "2024-02-19T23:54:30Z",
            "last_processing_result": "",
            "maximum_batching_window_in_seconds": 0,
            "maximum_record_age_in_seconds": 0,
            "maximum_retry_attempts": 0,
            "parallelization_factor": 0,
            "queues": null,
            "scaling_config": [],
            "self_managed_event_source": [],
            "self_managed_kafka_event_source_config": [],
            "source_access_configuration": [],
            "starting_position": "",
            "starting_position_timestamp": "",
            "state": "Enabled",
            "state_transition_reason": "USER_INITIATED",
            "topics": null,
            "tumbling_window_in_seconds": 0,
            "uuid": "6b83a0f2-70b6-4d4c-ac34-421e0cce9fc0"
          },
          "sensitive_attributes": [],
          "private": "bnVsbA==",
          "dependencies": [
            "module.glue_module.aws_glue_catalog_database.glue_audit_log_catalog_database",
            "module.glue_module.aws_glue_crawler.glue_audit_log_crawler",
            "module.glue_module.aws_glue_job.glue_audit_log_etl_job",
            "module.glue_module.aws_iam_role.glue_etl_role",
            "module.kms_module.aws_kms_key.kms_audit_log",
            "module.lambda_module.aws_iam_role.lambda_role",
            "module.lambda_module.aws_lambda_function.lambda_glue_status_monitor",
            "module.lambda_module.aws_lambda_function.lambda_s3_event_state_machine_trigger",
            "module.s3_module.aws_s3_bucket.s3_audit_logs_processed_bucket",
            "module.s3_module.aws_s3_bucket.s3_resources_bucket",
            "module.sfn_module.aws_iam_role.sfn_role",
            "module.sfn_module.aws_sfn_state_machine.sfn_log_processing_state_machine",
            "module.sns_module.aws_sns_topic.sns_etl_job_topic",
            "module.sqs_module.aws_sqs_queue.sqs_audit_log_event_queue"
          ]
        }
      ]
    },
    {
      "module": "module.lambda_module",
      "mode": "managed",
      "type": "aws_lambda_function",
      "name": "lambda_glue_status_monitor",
      "provider": "provider[\"registry.terraform.io/hashicorp/aws\"].virginia",
      "instances": [
        {
          "schema_version": 0,
          "attributes": {
            "architectures": [
              "x86_64"
            ],
            "arn": "arn:aws:lambda:us-west-2:577585731673:function:CheckGlueJobStatus",
            "code_signing_config_arn": "",
            "dead_letter_config": [],
            "description": "",
            "environment": [],
            "ephemeral_storage": [
              {
                "size": 512
              }
            ],
            "file_system_config": [],
            "filename": "Scripts/CheckGlueJobStatus.zip",
            "function_name": "CheckGlueJobStatus",
            "handler": "CheckGlueJobStatus.lambda_handler",
            "id": "CheckGlueJobStatus",
            "image_config": [],
            "image_uri": "",
            "invoke_arn": "arn:aws:apigateway:us-west-2:lambda:path/2015-03-31/functions/arn:aws:lambda:us-west-2:577585731673:function:CheckGlueJobStatus/invocations",
            "kms_key_arn": "",
            "last_modified": "2024-02-19T23:54:06.241+0000",
            "layers": null,
            "memory_size": 128,
            "package_type": "Zip",
            "publish": false,
            "qualified_arn": "arn:aws:lambda:us-west-2:577585731673:function:CheckGlueJobStatus:$LATEST",
            "qualified_invoke_arn": "arn:aws:apigateway:us-west-2:lambda:path/2015-03-31/functions/arn:aws:lambda:us-west-2:577585731673:function:CheckGlueJobStatus:$LATEST/invocations",
            "replace_security_groups_on_destroy": null,
            "replacement_security_group_ids": null,
            "reserved_concurrent_executions": -1,
            "role": "arn:aws:iam::577585731673:role/fastlayer-logs-lambda-role",
            "runtime": "python3.10",
            "s3_bucket": null,
            "s3_key": null,
            "s3_object_version": null,
            "signing_job_arn": "",
            "signing_profile_version_arn": "",
            "skip_destroy": false,
            "snap_start": [],
            "source_code_hash": "jrACsZPjulhzfEqLOij1p6ZL6ufPwu3QINw4XRtZGHM=",
            "source_code_size": 558,
            "tags": null,
            "tags_all": {},
            "timeout": 30,
            "timeouts": null,
            "tracing_config": [
              {
                "mode": "PassThrough"
              }
            ],
            "version": "$LATEST",
            "vpc_config": []
          },
          "sensitive_attributes": [],
          "private": "eyJlMmJmYjczMC1lY2FhLTExZTYtOGY4OC0zNDM2M2JjN2M0YzAiOnsiY3JlYXRlIjo2MDAwMDAwMDAwMDAsImRlbGV0ZSI6NjAwMDAwMDAwMDAwLCJ1cGRhdGUiOjYwMDAwMDAwMDAwMH19",
          "dependencies": [
            "module.lambda_module.aws_iam_role.lambda_role"
          ]
        }
      ]
    },
    {
      "module": "module.lambda_module",
      "mode": "managed",
      "type": "aws_lambda_function",
      "name": "lambda_pgmmaster_log_processor",
      "provider": "provider[\"registry.terraform.io/hashicorp/aws\"].virginia",
      "instances": [
        {
          "schema_version": 0,
          "attributes": {
            "architectures": [
              "x86_64"
            ],
            "arn": "arn:aws:lambda:us-west-2:577585731673:function:PGMMasterLogProcessor",
            "code_signing_config_arn": "",
            "dead_letter_config": [],
            "description": "",
            "environment": [
              {
                "variables": {
                  "LOCATION_TO": "s3://ue1stgprdas3log002-test/cat-pro/"
                }
              }
            ],
            "ephemeral_storage": [
              {
                "size": 512
              }
            ],
            "file_system_config": [],
            "filename": "Scripts/PGMMasterLogProcessor.zip",
            "function_name": "PGMMasterLogProcessor",
            "handler": "PGMMasterLogProcessor.lambda_handler",
            "id": "PGMMasterLogProcessor",
            "image_config": [],
            "image_uri": "",
            "invoke_arn": "arn:aws:apigateway:us-west-2:lambda:path/2015-03-31/functions/arn:aws:lambda:us-west-2:577585731673:function:PGMMasterLogProcessor/invocations",
            "kms_key_arn": "",
            "last_modified": "2024-02-19T23:54:12.740+0000",
            "layers": [
              "arn:aws:lambda:us-west-2:336392948345:layer:AWSSDKPandas-Python310:8"
            ],
            "memory_size": 128,
            "package_type": "Zip",
            "publish": false,
            "qualified_arn": "arn:aws:lambda:us-west-2:577585731673:function:PGMMasterLogProcessor:$LATEST",
            "qualified_invoke_arn": "arn:aws:apigateway:us-west-2:lambda:path/2015-03-31/functions/arn:aws:lambda:us-west-2:577585731673:function:PGMMasterLogProcessor:$LATEST/invocations",
            "replace_security_groups_on_destroy": null,
            "replacement_security_group_ids": null,
            "reserved_concurrent_executions": -1,
            "role": "arn:aws:iam::577585731673:role/fastlayer-logs-lambda-role",
            "runtime": "python3.10",
            "s3_bucket": null,
            "s3_key": null,
            "s3_object_version": null,
            "signing_job_arn": "",
            "signing_profile_version_arn": "",
            "skip_destroy": false,
            "snap_start": [],
            "source_code_hash": "VuAXZcKt4TRceXiRAyT8yvpUHiljr2np3iXZ+zrY16M=",
            "source_code_size": 1028,
            "tags": null,
            "tags_all": {},
            "timeout": 30,
            "timeouts": null,
            "tracing_config": [
              {
                "mode": "PassThrough"
              }
            ],
            "version": "$LATEST",
            "vpc_config": []
          },
          "sensitive_attributes": [],
          "private": "eyJlMmJmYjczMC1lY2FhLTExZTYtOGY4OC0zNDM2M2JjN2M0YzAiOnsiY3JlYXRlIjo2MDAwMDAwMDAwMDAsImRlbGV0ZSI6NjAwMDAwMDAwMDAwLCJ1cGRhdGUiOjYwMDAwMDAwMDAwMH19",
          "dependencies": [
            "module.lambda_module.aws_iam_role.lambda_role",
            "module.lambda_module.data.aws_region.current",
            "module.s3_module.aws_s3_bucket.s3_audit_logs_processed_bucket"
          ]
        }
      ]
    },
    {
      "module": "module.lambda_module",
      "mode": "managed",
      "type": "aws_lambda_function",
      "name": "lambda_raw_sftp_s3_audit_log_mover",
      "provider": "provider[\"registry.terraform.io/hashicorp/aws\"].virginia",
      "instances": [
        {
          "schema_version": 0,
          "attributes": {
            "architectures": [
              "x86_64"
            ],
            "arn": "arn:aws:lambda:us-west-2:577585731673:function:S3RawSFTPAuditLogMover",
            "code_signing_config_arn": "",
            "dead_letter_config": [],
            "description": "",
            "environment": [
              {
                "variables": {
                  "BUCKET_TO": "logs-as400-landing",
                  "KEY_TO_LOG": "LOGS/AUDIT_LOGS/DELTA/",
                  "KEY_TO_MASTER": "LOGS/CAT_PRO/"
                }
              }
            ],
            "ephemeral_storage": [
              {
                "size": 512
              }
            ],
            "file_system_config": [],
            "filename": "Scripts/S3RawSFTPAuditLogMover.zip",
            "function_name": "S3RawSFTPAuditLogMover",
            "handler": "S3RawSFTPAuditLogMover.lambda_handler",
            "id": "S3RawSFTPAuditLogMover",
            "image_config": [],
            "image_uri": "",
            "invoke_arn": "arn:aws:apigateway:us-west-2:lambda:path/2015-03-31/functions/arn:aws:lambda:us-west-2:577585731673:function:S3RawSFTPAuditLogMover/invocations",
            "kms_key_arn": "",
            "last_modified": "2024-02-19T23:53:59.767+0000",
            "layers": null,
            "memory_size": 128,
            "package_type": "Zip",
            "publish": false,
            "qualified_arn": "arn:aws:lambda:us-west-2:577585731673:function:S3RawSFTPAuditLogMover:$LATEST",
            "qualified_invoke_arn": "arn:aws:apigateway:us-west-2:lambda:path/2015-03-31/functions/arn:aws:lambda:us-west-2:577585731673:function:S3RawSFTPAuditLogMover:$LATEST/invocations",
            "replace_security_groups_on_destroy": null,
            "replacement_security_group_ids": null,
            "reserved_concurrent_executions": -1,
            "role": "arn:aws:iam::577585731673:role/fastlayer-logs-lambda-role",
            "runtime": "python3.10",
            "s3_bucket": null,
            "s3_key": null,
            "s3_object_version": null,
            "signing_job_arn": "",
            "signing_profile_version_arn": "",
            "skip_destroy": false,
            "snap_start": [],
            "source_code_hash": "OINVCugSXDK3DZ1D8AnnbC5pMMCutjW7q8fAjvGUnBY=",
            "source_code_size": 781,
            "tags": null,
            "tags_all": {},
            "timeout": 30,
            "timeouts": null,
            "tracing_config": [
              {
                "mode": "PassThrough"
              }
            ],
            "version": "$LATEST",
            "vpc_config": []
          },
          "sensitive_attributes": [],
          "private": "eyJlMmJmYjczMC1lY2FhLTExZTYtOGY4OC0zNDM2M2JjN2M0YzAiOnsiY3JlYXRlIjo2MDAwMDAwMDAwMDAsImRlbGV0ZSI6NjAwMDAwMDAwMDAwLCJ1cGRhdGUiOjYwMDAwMDAwMDAwMH19",
          "dependencies": [
            "module.lambda_module.aws_iam_role.lambda_role"
          ]
        }
      ]
    },
    {
      "module": "module.lambda_module",
      "mode": "managed",
      "type": "aws_lambda_function",
      "name": "lambda_s3_event_state_machine_trigger",
      "provider": "provider[\"registry.terraform.io/hashicorp/aws\"].virginia",
      "instances": [
        {
          "schema_version": 0,
          "attributes": {
            "architectures": [
              "x86_64"
            ],
            "arn": "arn:aws:lambda:us-west-2:577585731673:function:TriggerStateMachineFromS3Event",
            "code_signing_config_arn": "",
            "dead_letter_config": [],
            "description": "",
            "environment": [
              {
                "variables": {
                  "ERROR_DESTINATION": "s3://ue1stgprdas3log002-test/error/",
                  "LOG_DESTINATION": "s3://ue1stgprdas3log002-test/audit-logs/",
                  "SQS_QUEUE_URL": "https://sqs.us-west-2.amazonaws.com/577585731673/audit_logs_processing_queue",
                  "STATE_MACHINE_ARN": "arn:aws:states:us-west-2:577585731673:stateMachine:AuditLogProcessingStateMachine"
                }
              }
            ],
            "ephemeral_storage": [
              {
                "size": 512
              }
            ],
            "file_system_config": [],
            "filename": "Scripts/TriggerStateMachineFromS3Event.zip",
            "function_name": "TriggerStateMachineFromS3Event",
            "handler": "TriggerStateMachineFromS3Event.lambda_handler",
            "id": "TriggerStateMachineFromS3Event",
            "image_config": [],
            "image_uri": "",
            "invoke_arn": "arn:aws:apigateway:us-west-2:lambda:path/2015-03-31/functions/arn:aws:lambda:us-west-2:577585731673:function:TriggerStateMachineFromS3Event/invocations",
            "kms_key_arn": "",
            "last_modified": "2024-02-19T23:54:24.145+0000",
            "layers": null,
            "memory_size": 128,
            "package_type": "Zip",
            "publish": false,
            "qualified_arn": "arn:aws:lambda:us-west-2:577585731673:function:TriggerStateMachineFromS3Event:$LATEST",
            "qualified_invoke_arn": "arn:aws:apigateway:us-west-2:lambda:path/2015-03-31/functions/arn:aws:lambda:us-west-2:577585731673:function:TriggerStateMachineFromS3Event:$LATEST/invocations",
            "replace_security_groups_on_destroy": null,
            "replacement_security_group_ids": null,
            "reserved_concurrent_executions": -1,
            "role": "arn:aws:iam::577585731673:role/fastlayer-logs-lambda-role",
            "runtime": "python3.10",
            "s3_bucket": null,
            "s3_key": null,
            "s3_object_version": null,
            "signing_job_arn": "",
            "signing_profile_version_arn": "",
            "skip_destroy": false,
            "snap_start": [],
            "source_code_hash": "0+mkNykw0GXoFx9LiH2neGICBsNDn9gFgFsSQy6YdRw=",
            "source_code_size": 942,
            "tags": null,
            "tags_all": {},
            "timeout": 30,
            "timeouts": null,
            "tracing_config": [
              {
                "mode": "PassThrough"
              }
            ],
            "version": "$LATEST",
            "vpc_config": []
          },
          "sensitive_attributes": [],
          "private": "eyJlMmJmYjczMC1lY2FhLTExZTYtOGY4OC0zNDM2M2JjN2M0YzAiOnsiY3JlYXRlIjo2MDAwMDAwMDAwMDAsImRlbGV0ZSI6NjAwMDAwMDAwMDAwLCJ1cGRhdGUiOjYwMDAwMDAwMDAwMH19",
          "dependencies": [
            "module.glue_module.aws_glue_catalog_database.glue_audit_log_catalog_database",
            "module.glue_module.aws_glue_crawler.glue_audit_log_crawler",
            "module.glue_module.aws_glue_job.glue_audit_log_etl_job",
            "module.glue_module.aws_iam_role.glue_etl_role",
            "module.kms_module.aws_kms_key.kms_audit_log",
            "module.lambda_module.aws_iam_role.lambda_role",
            "module.lambda_module.aws_lambda_function.lambda_glue_status_monitor",
            "module.s3_module.aws_s3_bucket.s3_audit_logs_processed_bucket",
            "module.s3_module.aws_s3_bucket.s3_resources_bucket",
            "module.sfn_module.aws_iam_role.sfn_role",
            "module.sfn_module.aws_sfn_state_machine.sfn_log_processing_state_machine",
            "module.sns_module.aws_sns_topic.sns_etl_job_topic",
            "module.sqs_module.aws_sqs_queue.sqs_audit_log_event_queue"
          ]
        }
      ]
    },
    {
      "module": "module.lambda_module",
      "mode": "managed",
      "type": "aws_lambda_permission",
      "name": "allow_s3_invoke",
      "provider": "provider[\"registry.terraform.io/hashicorp/aws\"].virginia",
      "instances": [
        {
          "schema_version": 0,
          "attributes": {
            "action": "lambda:InvokeFunction",
            "event_source_token": null,
            "function_name": "S3RawSFTPAuditLogMover",
            "function_url_auth_type": null,
            "id": "AllowExecutionFromS3Bucket",
            "principal": "s3.amazonaws.com",
            "principal_org_id": null,
            "qualifier": "",
            "source_account": null,
            "source_arn": "arn:aws:s3:::ue1stgdesaas3ftp001-logs",
            "statement_id": "AllowExecutionFromS3Bucket",
            "statement_id_prefix": ""
          },
          "sensitive_attributes": [],
          "private": "bnVsbA==",
          "dependencies": [
            "module.lambda_module.aws_iam_role.lambda_role",
            "module.lambda_module.aws_lambda_function.lambda_raw_sftp_s3_audit_log_mover"
          ]
        }
      ]
    },
    {
      "module": "module.lambda_module",
      "mode": "managed",
      "type": "aws_lambda_permission",
      "name": "allow_s3_invoke_master_log",
      "provider": "provider[\"registry.terraform.io/hashicorp/aws\"].virginia",
      "instances": [
        {
          "schema_version": 0,
          "attributes": {
            "action": "lambda:InvokeFunction",
            "event_source_token": null,
            "function_name": "PGMMasterLogProcessor",
            "function_url_auth_type": null,
            "id": "AllowExecutionFromS3Bucket",
            "principal": "s3.amazonaws.com",
            "principal_org_id": null,
            "qualifier": "",
            "source_account": null,
            "source_arn": "arn:aws:s3:::logs-as400-landing",
            "statement_id": "AllowExecutionFromS3Bucket",
            "statement_id_prefix": ""
          },
          "sensitive_attributes": [],
          "private": "bnVsbA==",
          "dependencies": [
            "module.lambda_module.aws_iam_role.lambda_role",
            "module.lambda_module.aws_lambda_function.lambda_pgmmaster_log_processor",
            "module.lambda_module.data.aws_region.current",
            "module.s3_module.aws_s3_bucket.s3_audit_logs_processed_bucket"
          ]
        }
      ]
    },
    {
      "module": "module.lambda_module",
      "mode": "managed",
      "type": "aws_lambda_permission",
      "name": "lambda_permission_sqs_invoke",
      "provider": "provider[\"registry.terraform.io/hashicorp/aws\"].virginia",
      "instances": [
        {
          "schema_version": 0,
          "attributes": {
            "action": "lambda:InvokeFunction",
            "event_source_token": null,
            "function_name": "TriggerStateMachineFromS3Event",
            "function_url_auth_type": null,
            "id": "AllowExecutionFromSQS",
            "principal": "sqs.amazonaws.com",
            "principal_org_id": null,
            "qualifier": "",
            "source_account": null,
            "source_arn": "arn:aws:sqs:us-west-2:577585731673:audit_logs_processing_queue",
            "statement_id": "AllowExecutionFromSQS",
            "statement_id_prefix": ""
          },
          "sensitive_attributes": [],
          "private": "bnVsbA==",
          "dependencies": [
            "module.glue_module.aws_glue_catalog_database.glue_audit_log_catalog_database",
            "module.glue_module.aws_glue_crawler.glue_audit_log_crawler",
            "module.glue_module.aws_glue_job.glue_audit_log_etl_job",
            "module.glue_module.aws_iam_role.glue_etl_role",
            "module.kms_module.aws_kms_key.kms_audit_log",
            "module.lambda_module.aws_iam_role.lambda_role",
            "module.lambda_module.aws_lambda_function.lambda_glue_status_monitor",
            "module.lambda_module.aws_lambda_function.lambda_s3_event_state_machine_trigger",
            "module.s3_module.aws_s3_bucket.s3_audit_logs_processed_bucket",
            "module.s3_module.aws_s3_bucket.s3_resources_bucket",
            "module.sfn_module.aws_iam_role.sfn_role",
            "module.sfn_module.aws_sfn_state_machine.sfn_log_processing_state_machine",
            "module.sns_module.aws_sns_topic.sns_etl_job_topic",
            "module.sqs_module.aws_sqs_queue.sqs_audit_log_event_queue"
          ]
        }
      ]
    },
    {
      "module": "module.s3_module",
      "mode": "managed",
      "type": "aws_s3_bucket",
      "name": "s3_audit_logs_processed_bucket",
      "provider": "provider[\"registry.terraform.io/hashicorp/aws\"].virginia",
      "instances": [
        {
          "schema_version": 0,
          "attributes": {
            "acceleration_status": "",
            "acl": null,
            "arn": "arn:aws:s3:::ue1stgprdas3log002-test",
            "bucket": "ue1stgprdas3log002-test",
            "bucket_domain_name": "ue1stgprdas3log002-test.s3.amazonaws.com",
            "bucket_prefix": "",
            "bucket_regional_domain_name": "ue1stgprdas3log002-test.s3.us-west-2.amazonaws.com",
            "cors_rule": [],
            "force_destroy": false,
            "grant": [
              {
                "id": "0e60ae1975f61ac67591e1522247fd918aef85834b7583eb486412ec2edac9b9",
                "permissions": [
                  "FULL_CONTROL"
                ],
                "type": "CanonicalUser",
                "uri": ""
              }
            ],
            "hosted_zone_id": "Z3BJ6K6RIION7M",
            "id": "ue1stgprdas3log002-test",
            "lifecycle_rule": [],
            "logging": [],
            "object_lock_configuration": [],
            "object_lock_enabled": false,
            "policy": "",
            "region": "us-west-2",
            "replication_configuration": [],
            "request_payer": "BucketOwner",
            "server_side_encryption_configuration": [
              {
                "rule": [
                  {
                    "apply_server_side_encryption_by_default": [
                      {
                        "kms_master_key_id": "",
                        "sse_algorithm": "AES256"
                      }
                    ],
                    "bucket_key_enabled": false
                  }
                ]
              }
            ],
            "tags": null,
            "tags_all": {},
            "timeouts": null,
            "versioning": [
              {
                "enabled": false,
                "mfa_delete": false
              }
            ],
            "website": [],
            "website_domain": null,
            "website_endpoint": null
          },
          "sensitive_attributes": [],
          "private": "eyJlMmJmYjczMC1lY2FhLTExZTYtOGY4OC0zNDM2M2JjN2M0YzAiOnsiY3JlYXRlIjoxMjAwMDAwMDAwMDAwLCJkZWxldGUiOjM2MDAwMDAwMDAwMDAsInJlYWQiOjEyMDAwMDAwMDAwMDAsInVwZGF0ZSI6MTIwMDAwMDAwMDAwMH19"
        }
      ]
    },
    {
      "module": "module.s3_module",
      "mode": "managed",
      "type": "aws_s3_bucket",
      "name": "s3_resources_bucket",
      "provider": "provider[\"registry.terraform.io/hashicorp/aws\"].virginia",
      "instances": [
        {
          "schema_version": 0,
          "attributes": {
            "acceleration_status": "",
            "acl": null,
            "arn": "arn:aws:s3:::ue1stgprdas3log003-test",
            "bucket": "ue1stgprdas3log003-test",
            "bucket_domain_name": "ue1stgprdas3log003-test.s3.amazonaws.com",
            "bucket_prefix": "",
            "bucket_regional_domain_name": "ue1stgprdas3log003-test.s3.us-west-2.amazonaws.com",
            "cors_rule": [],
            "force_destroy": false,
            "grant": [
              {
                "id": "0e60ae1975f61ac67591e1522247fd918aef85834b7583eb486412ec2edac9b9",
                "permissions": [
                  "FULL_CONTROL"
                ],
                "type": "CanonicalUser",
                "uri": ""
              }
            ],
            "hosted_zone_id": "Z3BJ6K6RIION7M",
            "id": "ue1stgprdas3log003-test",
            "lifecycle_rule": [],
            "logging": [],
            "object_lock_configuration": [],
            "object_lock_enabled": false,
            "policy": "",
            "region": "us-west-2",
            "replication_configuration": [],
            "request_payer": "BucketOwner",
            "server_side_encryption_configuration": [
              {
                "rule": [
                  {
                    "apply_server_side_encryption_by_default": [
                      {
                        "kms_master_key_id": "",
                        "sse_algorithm": "AES256"
                      }
                    ],
                    "bucket_key_enabled": false
                  }
                ]
              }
            ],
            "tags": null,
            "tags_all": {},
            "timeouts": null,
            "versioning": [
              {
                "enabled": false,
                "mfa_delete": false
              }
            ],
            "website": [],
            "website_domain": null,
            "website_endpoint": null
          },
          "sensitive_attributes": [],
          "private": "eyJlMmJmYjczMC1lY2FhLTExZTYtOGY4OC0zNDM2M2JjN2M0YzAiOnsiY3JlYXRlIjoxMjAwMDAwMDAwMDAwLCJkZWxldGUiOjM2MDAwMDAwMDAwMDAsInJlYWQiOjEyMDAwMDAwMDAwMDAsInVwZGF0ZSI6MTIwMDAwMDAwMDAwMH19"
        }
      ]
    },
    {
      "module": "module.s3_module",
      "mode": "managed",
      "type": "aws_s3_bucket_notification",
      "name": "s3_audit_log_bucket_notification",
      "provider": "provider[\"registry.terraform.io/hashicorp/aws\"].virginia",
      "instances": [
        {
          "schema_version": 0,
          "attributes": {
            "bucket": "logs-as400-landing",
            "eventbridge": false,
            "id": "logs-as400-landing",
            "lambda_function": [
              {
                "events": [
                  "s3:ObjectCreated:*"
                ],
                "filter_prefix": "LOGS/CAT_PRO/",
                "filter_suffix": "",
                "id": "tf-s3-lambda-2024021923542379720000000b",
                "lambda_function_arn": "arn:aws:lambda:us-west-2:577585731673:function:PGMMasterLogProcessor"
              }
            ],
            "queue": [
              {
                "events": [
                  "s3:ObjectCreated:*"
                ],
                "filter_prefix": "LOGS/AUDIT_LOGS/DELTA/",
                "filter_suffix": "",
                "id": "tf-s3-queue-2024021923542379720000000c",
                "queue_arn": "arn:aws:sqs:us-west-2:577585731673:audit_logs_processing_queue"
              }
            ],
            "topic": []
          },
          "sensitive_attributes": [],
          "private": "bnVsbA==",
          "dependencies": [
            "module.kms_module.aws_kms_key.kms_audit_log",
            "module.lambda_module.aws_iam_role.lambda_role",
            "module.lambda_module.aws_lambda_function.lambda_pgmmaster_log_processor",
            "module.lambda_module.data.aws_region.current",
            "module.s3_module.aws_s3_bucket.s3_audit_logs_processed_bucket",
            "module.sqs_module.aws_sqs_queue.sqs_audit_log_event_queue"
          ]
        }
      ]
    },
    {
      "module": "module.s3_module",
      "mode": "managed",
      "type": "aws_s3_bucket_notification",
      "name": "s3_sftp_audit_log_bucket_notification",
      "provider": "provider[\"registry.terraform.io/hashicorp/aws\"].virginia",
      "instances": [
        {
          "schema_version": 0,
          "attributes": {
            "bucket": "ue1stgdesaas3ftp001-logs",
            "eventbridge": false,
            "id": "ue1stgdesaas3ftp001-logs",
            "lambda_function": [
              {
                "events": [
                  "s3:ObjectCreated:*"
                ],
                "filter_prefix": "RAW-SFTP/LOGS/AUDIT_LOG/DELTA/",
                "filter_suffix": "",
                "id": "tf-s3-lambda-20240219235405900100000009",
                "lambda_function_arn": "arn:aws:lambda:us-west-2:577585731673:function:S3RawSFTPAuditLogMover"
              },
              {
                "events": [
                  "s3:ObjectCreated:*"
                ],
                "filter_prefix": "RAW-SFTP/LOGS/CAT_PRO/",
                "filter_suffix": "",
                "id": "tf-s3-lambda-2024021923540590010000000a",
                "lambda_function_arn": "arn:aws:lambda:us-west-2:577585731673:function:S3RawSFTPAuditLogMover"
              }
            ],
            "queue": [],
            "topic": []
          },
          "sensitive_attributes": [],
          "private": "bnVsbA==",
          "dependencies": [
            "module.lambda_module.aws_iam_role.lambda_role",
            "module.lambda_module.aws_lambda_function.lambda_raw_sftp_s3_audit_log_mover"
          ]
        }
      ]
    },
    {
      "module": "module.s3_module",
      "mode": "managed",
      "type": "aws_s3_bucket_policy",
      "name": "s3_audit_logs_processed_bucket_policy",
      "provider": "provider[\"registry.terraform.io/hashicorp/aws\"].virginia",
      "instances": [
        {
          "schema_version": 0,
          "attributes": {
            "bucket": "ue1stgprdas3log002-test",
            "id": "ue1stgprdas3log002-test",
            "policy": "{\"Id\":\"s3_audit_logs_processed_bucket_policy\",\"Statement\":[{\"Action\":\"s3:*\",\"Condition\":{\"Bool\":{\"aws:SecureTransport\":\"false\"}},\"Effect\":\"Deny\",\"Principal\":\"*\",\"Resource\":[\"arn:aws:s3:::ue1stgprdas3log002-test\",\"arn:aws:s3:::ue1stgprdas3log002-test/*\"],\"Sid\":\"HTTPSOnly\"}],\"Version\":\"2012-10-17\"}"
          },
          "sensitive_attributes": [],
          "private": "bnVsbA==",
          "dependencies": [
            "module.s3_module.aws_s3_bucket.s3_audit_logs_processed_bucket"
          ]
        }
      ]
    },
    {
      "module": "module.s3_module",
      "mode": "managed",
      "type": "aws_s3_bucket_policy",
      "name": "s3_resources_bucket_policy",
      "provider": "provider[\"registry.terraform.io/hashicorp/aws\"].virginia",
      "instances": [
        {
          "schema_version": 0,
          "attributes": {
            "bucket": "ue1stgprdas3log003-test",
            "id": "ue1stgprdas3log003-test",
            "policy": "{\"Id\":\"s3_resources_bucket_policy\",\"Statement\":[{\"Action\":\"s3:*\",\"Condition\":{\"Bool\":{\"aws:SecureTransport\":\"false\"}},\"Effect\":\"Deny\",\"Principal\":\"*\",\"Resource\":[\"arn:aws:s3:::ue1stgprdas3log003-test\",\"arn:aws:s3:::ue1stgprdas3log003-test/*\"],\"Sid\":\"HTTPSOnly\"}],\"Version\":\"2012-10-17\"}"
          },
          "sensitive_attributes": [],
          "private": "bnVsbA==",
          "dependencies": [
            "module.s3_module.aws_s3_bucket.s3_resources_bucket"
          ]
        }
      ]
    },
    {
      "module": "module.s3_module",
      "mode": "managed",
      "type": "aws_s3_bucket_public_access_block",
      "name": "s3_audit_logs_processed_bucket_public_access_block",
      "provider": "provider[\"registry.terraform.io/hashicorp/aws\"].virginia",
      "instances": [
        {
          "schema_version": 0,
          "attributes": {
            "block_public_acls": true,
            "block_public_policy": true,
            "bucket": "ue1stgprdas3log002-test",
            "id": "ue1stgprdas3log002-test",
            "ignore_public_acls": true,
            "restrict_public_buckets": true
          },
          "sensitive_attributes": [],
          "private": "bnVsbA==",
          "dependencies": [
            "module.s3_module.aws_s3_bucket.s3_audit_logs_processed_bucket"
          ]
        }
      ]
    },
    {
      "module": "module.s3_module",
      "mode": "managed",
      "type": "aws_s3_bucket_public_access_block",
      "name": "s3_resources_bucket_public_access_block",
      "provider": "provider[\"registry.terraform.io/hashicorp/aws\"].virginia",
      "instances": [
        {
          "schema_version": 0,
          "attributes": {
            "block_public_acls": true,
            "block_public_policy": true,
            "bucket": "ue1stgprdas3log003-test",
            "id": "ue1stgprdas3log003-test",
            "ignore_public_acls": true,
            "restrict_public_buckets": true
          },
          "sensitive_attributes": [],
          "private": "bnVsbA==",
          "dependencies": [
            "module.s3_module.aws_s3_bucket.s3_resources_bucket"
          ]
        }
      ]
    },
    {
      "module": "module.s3_module",
      "mode": "managed",
      "type": "null_resource",
      "name": "upload_scripts",
      "provider": "provider[\"registry.terraform.io/hashicorp/null\"]",
      "instances": [
        {
          "schema_version": 0,
          "attributes": {
            "id": "1360303625",
            "triggers": null
          },
          "sensitive_attributes": [],
          "dependencies": [
            "module.s3_module.aws_s3_bucket.s3_resources_bucket",
            "module.s3_module.aws_s3_bucket_policy.s3_resources_bucket_policy",
            "module.s3_module.aws_s3_bucket_public_access_block.s3_resources_bucket_public_access_block"
          ]
        }
      ]
    },
    {
      "module": "module.sfn_module",
      "mode": "managed",
      "type": "aws_iam_role",
      "name": "sfn_role",
      "provider": "provider[\"registry.terraform.io/hashicorp/aws\"].virginia",
      "instances": [
        {
          "schema_version": 0,
          "attributes": {
            "arn": "arn:aws:iam::577585731673:role/my_sfn_role",
            "assume_role_policy": "{\"Statement\":[{\"Action\":\"sts:AssumeRole\",\"Effect\":\"Allow\",\"Principal\":{\"Service\":\"states.amazonaws.com\"}}],\"Version\":\"2012-10-17\"}",
            "create_date": "2024-02-19T23:53:49Z",
            "description": "",
            "force_detach_policies": false,
            "id": "my_sfn_role",
            "inline_policy": [],
            "managed_policy_arns": [],
            "max_session_duration": 3600,
            "name": "my_sfn_role",
            "name_prefix": "",
            "path": "/",
            "permissions_boundary": "",
            "tags": null,
            "tags_all": {},
            "unique_id": "AROAYM6WK3BM3JFDXRVSU"
          },
          "sensitive_attributes": [],
          "private": "bnVsbA=="
        }
      ]
    },
    {
      "module": "module.sfn_module",
      "mode": "managed",
      "type": "aws_iam_role_policy_attachment",
      "name": "glue_full_access",
      "provider": "provider[\"registry.terraform.io/hashicorp/aws\"].virginia",
      "instances": [
        {
          "schema_version": 0,
          "attributes": {
            "id": "my_sfn_role-20240219235350067600000001",
            "policy_arn": "arn:aws:iam::aws:policy/AWSGlueConsoleFullAccess",
            "role": "my_sfn_role"
          },
          "sensitive_attributes": [],
          "private": "bnVsbA==",
          "dependencies": [
            "module.sfn_module.aws_iam_role.sfn_role"
          ]
        }
      ]
    },
    {
      "module": "module.sfn_module",
      "mode": "managed",
      "type": "aws_iam_role_policy_attachment",
      "name": "lambda_full_access",
      "provider": "provider[\"registry.terraform.io/hashicorp/aws\"].virginia",
      "instances": [
        {
          "schema_version": 0,
          "attributes": {
            "id": "my_sfn_role-20240219235350067600000002",
            "policy_arn": "arn:aws:iam::aws:policy/AWSLambda_FullAccess",
            "role": "my_sfn_role"
          },
          "sensitive_attributes": [],
          "private": "bnVsbA==",
          "dependencies": [
            "module.sfn_module.aws_iam_role.sfn_role"
          ]
        }
      ]
    },
    {
      "module": "module.sfn_module",
      "mode": "managed",
      "type": "aws_iam_role_policy_attachment",
      "name": "sns_full_access",
      "provider": "provider[\"registry.terraform.io/hashicorp/aws\"].virginia",
      "instances": [
        {
          "schema_version": 0,
          "attributes": {
            "id": "my_sfn_role-20240219235350079600000005",
            "policy_arn": "arn:aws:iam::aws:policy/AmazonSNSFullAccess",
            "role": "my_sfn_role"
          },
          "sensitive_attributes": [],
          "private": "bnVsbA==",
          "dependencies": [
            "module.sfn_module.aws_iam_role.sfn_role"
          ]
        }
      ]
    },
    {
      "module": "module.sfn_module",
      "mode": "managed",
      "type": "aws_sfn_state_machine",
      "name": "sfn_log_processing_state_machine",
      "provider": "provider[\"registry.terraform.io/hashicorp/aws\"].virginia",
      "instances": [
        {
          "schema_version": 0,
          "attributes": {
            "arn": "arn:aws:states:us-west-2:577585731673:stateMachine:AuditLogProcessingStateMachine",
            "creation_date": "2024-02-19T23:54:13Z",
            "definition": "    {\r\n  \"Comment\": \"State Machine for uploading new log\",\r\n  \"StartAt\": \"Glue StartJobRun\",\r\n  \"States\": {   \r\n    \"Glue StartJobRun\": {\r\n      \"Type\": \"Task\",\r\n      \"Resource\": \"arn:aws:states:::glue:startJobRun\",\r\n      \"Parameters\": {\r\n        \"JobName\": \"AuditLogDataETL\",  \r\n        \"Arguments\": {\r\n          \"--bucket_name.$\": \"$.bucket_name\",\r\n          \"--file_name.$\": \"$.file_name\",\r\n          \"--log_destination.$\": \"$.log_destination\",\r\n          \"--error_destination.$\": \"$.error_destination\"\r\n        }\r\n      },\r\n      \"Next\": \"CheckGlueJobStatus\"\r\n    },\r\n    \"CheckGlueJobStatus\": {\r\n      \"Type\": \"Task\",\r\n      \"Resource\": \"arn:aws:states:::lambda:invoke\",\r\n      \"OutputPath\": \"$.Payload\",\r\n      \"Parameters\": {\r\n        \"Payload.$\": \"$\",\r\n        \"FunctionName\": \"arn:aws:lambda:us-west-2:577585731673:function:CheckGlueJobStatus:$LATEST\"\r\n      },\r\n      \"Retry\": [\r\n        {\r\n          \"ErrorEquals\": [\r\n            \"Lambda.ServiceException\",\r\n            \"Lambda.AWSLambdaException\",\r\n            \"Lambda.SdkClientException\",\r\n            \"Lambda.TooManyRequestsException\"\r\n          ],\r\n          \"IntervalSeconds\": 1,\r\n          \"MaxAttempts\": 3,\r\n          \"BackoffRate\": 2\r\n        }\r\n      ],\r\n      \"Next\": \"DetermineJobStatus\"\r\n    },\r\n    \"DetermineJobStatus\": {\r\n      \"Type\": \"Choice\",\r\n      \"Choices\": [\r\n        {\r\n          \"Variable\": \"$.status\",\r\n          \"StringEquals\": \"RUNNING\",\r\n          \"Next\": \"WaitForJobCompletion\"\r\n        }\r\n      ],\r\n      \"Default\": \"InitialGetCrawler\"\r\n    },\r\n    \"InitialGetCrawler\": {\r\n      \"Type\": \"Task\",\r\n      \"Next\": \"DecideCrawlerAction\",\r\n      \"Parameters\": {\r\n        \"Name\": \"audit_logs_crawler\"\r\n      },\r\n      \"Resource\": \"arn:aws:states:::aws-sdk:glue:getCrawler\"\r\n    },\r\n    \"DecideCrawlerAction\": {\r\n      \"Type\": \"Choice\",\r\n      \"Choices\": [\r\n        {\r\n          \"Variable\": \"$.Crawler.State\",\r\n          \"StringEquals\": \"READY\",\r\n          \"Next\": \"StartCrawler\"\r\n        },\r\n        {\r\n          \"Variable\": \"$.Crawler.State\",\r\n          \"StringEquals\": \"STOPPING\",\r\n          \"Next\": \"NotifyJobStatus\"\r\n        }\r\n      ],\r\n      \"Default\": \"WaitForCrawlerReadiness\"\r\n    },\r\n    \"WaitForCrawlerReadiness\": {\r\n      \"Type\": \"Wait\",\r\n      \"Seconds\": 5,\r\n      \"Next\": \"InitialGetCrawler\"\r\n    },\r\n    \"WaitForJobCompletion\": {\r\n      \"Type\": \"Wait\",\r\n      \"Seconds\": 5,\r\n      \"Next\": \"CheckGlueJobStatus\"\r\n    },\r\n    \"StartCrawler\": {\r\n      \"Type\": \"Task\",\r\n      \"Parameters\": {\r\n        \"Name\": \"audit_logs_crawler\"\r\n      },\r\n      \"Resource\": \"arn:aws:states:::aws-sdk:glue:startCrawler\",\r\n      \"Next\": \"GetCrawler\"\r\n    },\r\n    \"GetCrawler\": {\r\n      \"Type\": \"Task\",\r\n      \"Parameters\": {\r\n        \"Name\": \"audit_logs_crawler\"  \r\n      },\r\n      \"Resource\": \"arn:aws:states:::aws-sdk:glue:getCrawler\",\r\n      \"Next\": \"EvaluateCrawlerState\"\r\n    },\r\n    \"EvaluateCrawlerState\": {\r\n      \"Type\": \"Choice\",\r\n      \"Choices\": [\r\n        {\r\n          \"Variable\": \"$.Crawler.State\",\r\n          \"StringEquals\": \"RUNNING\",\r\n          \"Next\": \"WaitForCrawlerStateUpdate\"\r\n        }\r\n      ],\r\n      \"Default\": \"NotifyJobStatus\"\r\n    },\r\n    \"WaitForCrawlerStateUpdate\": {\r\n      \"Type\": \"Wait\",\r\n      \"Seconds\": 5,\r\n      \"Next\": \"GetCrawler\"\r\n    },\r\n    \"NotifyJobStatus\": {\r\n      \"Type\": \"Task\",\r\n      \"Resource\": \"arn:aws:states:::sns:publish\",\r\n      \"Parameters\": {\r\n        \"TopicArn\": \"arn:aws:sns:us-west-2:577585731673:audit_log_etl_job_status_notifications\",\r\n        \"Message\": \"El proceso ETL ha culminado satisfactoriamente\"\r\n      },\r\n      \"End\": true\r\n    }\r\n  }\r\n}\r\n",
            "description": "",
            "id": "arn:aws:states:us-west-2:577585731673:stateMachine:AuditLogProcessingStateMachine",
            "logging_configuration": [
              {
                "include_execution_data": false,
                "level": "OFF",
                "log_destination": ""
              }
            ],
            "name": "AuditLogProcessingStateMachine",
            "name_prefix": "",
            "publish": false,
            "revision_id": "",
            "role_arn": "arn:aws:iam::577585731673:role/my_sfn_role",
            "state_machine_version_arn": "",
            "status": "ACTIVE",
            "tags": null,
            "tags_all": {},
            "timeouts": null,
            "tracing_configuration": [
              {
                "enabled": false
              }
            ],
            "type": "STANDARD",
            "version_description": null
          },
          "sensitive_attributes": [],
          "private": "eyJlMmJmYjczMC1lY2FhLTExZTYtOGY4OC0zNDM2M2JjN2M0YzAiOnsiY3JlYXRlIjozMDAwMDAwMDAwMDAsImRlbGV0ZSI6MzAwMDAwMDAwMDAwLCJ1cGRhdGUiOjYwMDAwMDAwMDAwfX0=",
          "dependencies": [
            "module.glue_module.aws_glue_catalog_database.glue_audit_log_catalog_database",
            "module.glue_module.aws_glue_crawler.glue_audit_log_crawler",
            "module.glue_module.aws_glue_job.glue_audit_log_etl_job",
            "module.glue_module.aws_iam_role.glue_etl_role",
            "module.lambda_module.aws_iam_role.lambda_role",
            "module.lambda_module.aws_lambda_function.lambda_glue_status_monitor",
            "module.s3_module.aws_s3_bucket.s3_audit_logs_processed_bucket",
            "module.s3_module.aws_s3_bucket.s3_resources_bucket",
            "module.sfn_module.aws_iam_role.sfn_role",
            "module.sns_module.aws_sns_topic.sns_etl_job_topic"
          ]
        }
      ]
    },
    {
      "module": "module.sns_module",
      "mode": "managed",
      "type": "aws_sns_topic",
      "name": "sns_etl_job_topic",
      "provider": "provider[\"registry.terraform.io/hashicorp/aws\"].virginia",
      "instances": [
        {
          "schema_version": 0,
          "attributes": {
            "application_failure_feedback_role_arn": "",
            "application_success_feedback_role_arn": "",
            "application_success_feedback_sample_rate": 0,
            "archive_policy": "",
            "arn": "arn:aws:sns:us-west-2:577585731673:audit_log_etl_job_status_notifications",
            "beginning_archive_time": "",
            "content_based_deduplication": false,
            "delivery_policy": "",
            "display_name": "",
            "fifo_topic": false,
            "firehose_failure_feedback_role_arn": "",
            "firehose_success_feedback_role_arn": "",
            "firehose_success_feedback_sample_rate": 0,
            "http_failure_feedback_role_arn": "",
            "http_success_feedback_role_arn": "",
            "http_success_feedback_sample_rate": 0,
            "id": "arn:aws:sns:us-west-2:577585731673:audit_log_etl_job_status_notifications",
            "kms_master_key_id": "alias/aws/sns",
            "lambda_failure_feedback_role_arn": "",
            "lambda_success_feedback_role_arn": "",
            "lambda_success_feedback_sample_rate": 0,
            "name": "audit_log_etl_job_status_notifications",
            "name_prefix": "",
            "owner": "577585731673",
            "policy": "{\"Id\":\"__default_policy_ID\",\"Statement\":[{\"Action\":[\"SNS:GetTopicAttributes\",\"SNS:SetTopicAttributes\",\"SNS:AddPermission\",\"SNS:RemovePermission\",\"SNS:DeleteTopic\",\"SNS:Subscribe\",\"SNS:ListSubscriptionsByTopic\",\"SNS:Publish\"],\"Condition\":{\"StringEquals\":{\"AWS:SourceOwner\":\"577585731673\"}},\"Effect\":\"Allow\",\"Principal\":{\"AWS\":\"*\"},\"Resource\":\"arn:aws:sns:us-west-2:577585731673:audit_log_etl_job_status_notifications\",\"Sid\":\"__default_statement_ID\"}],\"Version\":\"2008-10-17\"}",
            "signature_version": 0,
            "sqs_failure_feedback_role_arn": "",
            "sqs_success_feedback_role_arn": "",
            "sqs_success_feedback_sample_rate": 0,
            "tags": null,
            "tags_all": {},
            "tracing_config": ""
          },
          "sensitive_attributes": [],
          "private": "bnVsbA=="
        }
      ]
    },
    {
      "module": "module.sns_module",
      "mode": "managed",
      "type": "aws_sns_topic_subscription",
      "name": "sns_etl_job_email_subscription",
      "provider": "provider[\"registry.terraform.io/hashicorp/aws\"].virginia",
      "instances": [
        {
          "index_key": "ssilvestre@millev.com",
          "schema_version": 0,
          "attributes": {
            "arn": "arn:aws:sns:us-west-2:577585731673:audit_log_etl_job_status_notifications:3c2fe8f5-33c1-40a4-9cc2-4299dd545e38",
            "confirmation_timeout_in_minutes": 1,
            "confirmation_was_authenticated": false,
            "delivery_policy": "",
            "endpoint": "ssilvestre@millev.com",
            "endpoint_auto_confirms": false,
            "filter_policy": "",
            "filter_policy_scope": "",
            "id": "arn:aws:sns:us-west-2:577585731673:audit_log_etl_job_status_notifications:3c2fe8f5-33c1-40a4-9cc2-4299dd545e38",
            "owner_id": "577585731673",
            "pending_confirmation": true,
            "protocol": "email",
            "raw_message_delivery": false,
            "redrive_policy": "",
            "replay_policy": "",
            "subscription_role_arn": "",
            "topic_arn": "arn:aws:sns:us-west-2:577585731673:audit_log_etl_job_status_notifications"
          },
          "sensitive_attributes": [],
          "private": "bnVsbA==",
          "dependencies": [
            "module.sns_module.aws_sns_topic.sns_etl_job_topic"
          ]
        }
      ]
    },
    {
      "module": "module.sqs_module",
      "mode": "managed",
      "type": "aws_sqs_queue",
      "name": "sqs_audit_log_event_queue",
      "provider": "provider[\"registry.terraform.io/hashicorp/aws\"].virginia",
      "instances": [
        {
          "schema_version": 0,
          "attributes": {
            "arn": "arn:aws:sqs:us-west-2:577585731673:audit_logs_processing_queue",
            "content_based_deduplication": false,
            "deduplication_scope": "",
            "delay_seconds": 1,
            "fifo_queue": false,
            "fifo_throughput_limit": "",
            "id": "https://sqs.us-west-2.amazonaws.com/577585731673/audit_logs_processing_queue",
            "kms_data_key_reuse_period_seconds": 300,
            "kms_master_key_id": "arn:aws:kms:us-west-2:577585731673:key/c89a22db-c5c6-4032-850d-6abf0f5f9b3b",
            "max_message_size": 10000,
            "message_retention_seconds": 86400,
            "name": "audit_logs_processing_queue",
            "name_prefix": "",
            "policy": "",
            "receive_wait_time_seconds": 0,
            "redrive_allow_policy": "",
            "redrive_policy": "",
            "sqs_managed_sse_enabled": false,
            "tags": null,
            "tags_all": {},
            "url": "https://sqs.us-west-2.amazonaws.com/577585731673/audit_logs_processing_queue",
            "visibility_timeout_seconds": 60
          },
          "sensitive_attributes": [],
          "private": "bnVsbA==",
          "dependencies": [
            "module.kms_module.aws_kms_key.kms_audit_log"
          ]
        }
      ]
    },
    {
      "module": "module.sqs_module",
      "mode": "managed",
      "type": "aws_sqs_queue_policy",
      "name": "sqs_audit_log_queue_policy",
      "provider": "provider[\"registry.terraform.io/hashicorp/aws\"].virginia",
      "instances": [
        {
          "schema_version": 1,
          "attributes": {
            "id": "https://sqs.us-west-2.amazonaws.com/577585731673/audit_logs_processing_queue",
            "policy": "{\"Statement\":[{\"Action\":\"sqs:SendMessage\",\"Condition\":{\"ArnEquals\":{\"aws:SourceArn\":\"arn:aws:s3:::logs-as400-landing\"}},\"Effect\":\"Allow\",\"Principal\":{\"Service\":\"s3.amazonaws.com\"},\"Resource\":\"arn:aws:sqs:us-west-2:577585731673:audit_logs_processing_queue\",\"Sid\":\"StmtS3ToSQSPolicy\"}],\"Version\":\"2012-10-17\"}",
            "queue_url": "https://sqs.us-west-2.amazonaws.com/577585731673/audit_logs_processing_queue"
          },
          "sensitive_attributes": [],
          "private": "eyJzY2hlbWFfdmVyc2lvbiI6IjEifQ==",
          "dependencies": [
            "module.kms_module.aws_kms_key.kms_audit_log",
            "module.sqs_module.aws_sqs_queue.sqs_audit_log_event_queue"
          ]
        }
      ]
    }
  ],
  "check_results": null
}
